Microsoft Visual Studio Solution File, Format Version 9.00
# Visual Studio 2005
Project("{FAE04EC0-301F-11D3-BF4B-00C04F79EFBC}") = "WindowsApplication1", "WindowsApplication1\WindowsApplication1.csproj", "{BEF1CCDC-3812-4329-9DB7-6CEA4654021C}"
	ProjectSection(WebsiteProperties) = preProject
		Debug.AspNetCompiler.Debug = "True"
		Release.AspNetCompiler.Debug = "False"
	EndProjectSection
EndProject
Global
	GlobalSection(SolutionConfigurationPlatforms) = preSolution
		Debug|Any CPU = Debug|Any CPU
		Release|Any CPU = Release|Any CPU
	EndGlobalSection
	GlobalSection(ProjectConfigurationPlatforms) = postSolution
		{BEF1CCDC-3812-4329-9DB7-6CEA4654021C}.Debug|Any CPU.ActiveCfg = Debug|Any CPU
		{BEF1CCDC-3812-4329-9DB7-6CEA4654021C}.Debug|Any CPU.Build.0 = Debug|Any CPU
		{BEF1CCDC-3812-4329-9DB7-6CEA4654021C}.Release|Any CPU.ActiveCfg = Release|Any CPU
		{BEF1CCDC-3812-4329-9DB7-6CEA4654021C}.Release|Any CPU.Build.0 = Release|Any CPU
	EndGlobalSection
	GlobalSection(SolutionProperties) = preSolution
		HideSolutionNode = FALSE
	EndGlobalSection
EndGlobal
